
Microsoft Visual Studio Solution File, Format Version 12.00
# Visual Studio Version 17
VisualStudioVersion = 17.14.36414.22 d17.14
MinimumVisualStudioVersion = 10.0.40219.1
Project("{FAE04EC0-301F-11D3-BF4B-00C04F79EFBC}") = "VolleyballManager", "VolleyballManager\VolleyballManager.csproj", "{DF788822-CCEF-401C-8746-38D6AC34EF76}"
EndProject
Global
	GlobalSection(SolutionConfigurationPlatforms) = preSolution
		Debug|Any CPU = Debug|Any CPU
		Release|Any CPU = Release|Any CPU
	EndGlobalSection
	GlobalSection(ProjectConfigurationPlatforms) = postSolution
		{DF788822-CCEF-401C-8746-38D6AC34EF76}.Debug|Any CPU.ActiveCfg = Debug|Any CPU
		{DF788822-CCEF-401C-8746-38D6AC34EF76}.Debug|Any CPU.Build.0 = Debug|Any CPU
		{DF788822-CCEF-401C-8746-38D6AC34EF76}.Release|Any CPU.ActiveCfg = Release|Any CPU
		{DF788822-CCEF-401C-8746-38D6AC34EF76}.Release|Any CPU.Build.0 = Release|Any CPU
	EndGlobalSection
	GlobalSection(SolutionProperties) = preSolution
		HideSolutionNode = FALSE
	EndGlobalSection
	GlobalSection(ExtensibilityGlobals) = postSolution
		SolutionGuid = {5D854984-C5F4-4CF4-8CF0-286BF36BB522}
	EndGlobalSection
EndGlobal
